
Microsoft Visual Studio Solution File, Format Version 12.00
# Visual Studio Version 16
VisualStudioVersion = 16.0.31205.134
MinimumVisualStudioVersion = 10.0.40219.1
Project("{FAE04EC0-301F-11D3-BF4B-00C04F79EFBC}") = "Lab.UI", "Lab.UI\Lab.UI.csproj", "{C13B1D7C-CDB6-4B1F-8EA9-2072B0F6476B}"
EndProject
Project("{FAE04EC0-301F-11D3-BF4B-00C04F79EFBC}") = "Lab.Data", "Lab.Data\Lab.Data.csproj", "{B8B92851-20F1-4E36-82A9-8B046755D23E}"
EndProject
Project("{FAE04EC0-301F-11D3-BF4B-00C04F79EFBC}") = "Lab.Model", "Lab.Model\Lab.Model.csproj", "{83200360-137F-421C-A036-6DE8A9CD915E}"
EndProject
Project("{FAE04EC0-301F-11D3-BF4B-00C04F79EFBC}") = "InitDb", "InitDb\InitDb.csproj", "{55C58750-A925-445D-9C07-28BB0BB77E01}"
EndProject
Global
	GlobalSection(SolutionConfigurationPlatforms) = preSolution
		Debug|Any CPU = Debug|Any CPU
		Release|Any CPU = Release|Any CPU
	EndGlobalSection
	GlobalSection(ProjectConfigurationPlatforms) = postSolution
		{C13B1D7C-CDB6-4B1F-8EA9-2072B0F6476B}.Debug|Any CPU.ActiveCfg = Debug|Any CPU
		{C13B1D7C-CDB6-4B1F-8EA9-2072B0F6476B}.Debug|Any CPU.Build.0 = Debug|Any CPU
		{C13B1D7C-CDB6-4B1F-8EA9-2072B0F6476B}.Release|Any CPU.ActiveCfg = Release|Any CPU
		{C13B1D7C-CDB6-4B1F-8EA9-2072B0F6476B}.Release|Any CPU.Build.0 = Release|Any CPU
		{B8B92851-20F1-4E36-82A9-8B046755D23E}.Debug|Any CPU.ActiveCfg = Debug|Any CPU
		{B8B92851-20F1-4E36-82A9-8B046755D23E}.Debug|Any CPU.Build.0 = Debug|Any CPU
		{B8B92851-20F1-4E36-82A9-8B046755D23E}.Release|Any CPU.ActiveCfg = Release|Any CPU
		{B8B92851-20F1-4E36-82A9-8B046755D23E}.Release|Any CPU.Build.0 = Release|Any CPU
		{83200360-137F-421C-A036-6DE8A9CD915E}.Debug|Any CPU.ActiveCfg = Debug|Any CPU
		{83200360-137F-421C-A036-6DE8A9CD915E}.Debug|Any CPU.Build.0 = Debug|Any CPU
		{83200360-137F-421C-A036-6DE8A9CD915E}.Release|Any CPU.ActiveCfg = Release|Any CPU
		{83200360-137F-421C-A036-6DE8A9CD915E}.Release|Any CPU.Build.0 = Release|Any CPU
		{55C58750-A925-445D-9C07-28BB0BB77E01}.Debug|Any CPU.ActiveCfg = Debug|Any CPU
		{55C58750-A925-445D-9C07-28BB0BB77E01}.Debug|Any CPU.Build.0 = Debug|Any CPU
		{55C58750-A925-445D-9C07-28BB0BB77E01}.Release|Any CPU.ActiveCfg = Release|Any CPU
		{55C58750-A925-445D-9C07-28BB0BB77E01}.Release|Any CPU.Build.0 = Release|Any CPU
	EndGlobalSection
	GlobalSection(SolutionProperties) = preSolution
		HideSolutionNode = FALSE
	EndGlobalSection
	GlobalSection(ExtensibilityGlobals) = postSolution
		SolutionGuid = {5D1C087A-C3C7-49AF-B7EB-E27E4D8C7D46}
	EndGlobalSection
EndGlobal
